
Microsoft Visual Studio Solution File, Format Version 12.00
# Visual Studio Version 17
VisualStudioVersion = 17.0.31903.59
MinimumVisualStudioVersion = 10.0.40219.1
Project("{FAE04EC0-301F-11D3-BF4B-00C04F79EFBC}") = "Chickensoft.GameTools", "Chickensoft.GameTools\Chickensoft.GameTools.csproj", "{101132B1-8B4D-4FF3-BA04-D49D90504494}"
EndProject
Project("{FAE04EC0-301F-11D3-BF4B-00C04F79EFBC}") = "Chickensoft.GameTools.Tests", "Chickensoft.GameTools.Tests\Chickensoft.GameTools.Tests.csproj", "{12E70A0C-06CE-4A2C-9621-DDCA9D36374C}"
EndProject
Project("{FAE04EC0-301F-11D3-BF4B-00C04F79EFBC}") = "Chickensoft.GameTools.Demo", "Chickensoft.GameTools.Demo\Chickensoft.GameTools.Demo.csproj", "{51F51F21-5FDE-4DF2-82AA-7705AFECE5AE}"
EndProject
Global
	GlobalSection(SolutionConfigurationPlatforms) = preSolution
		Debug|Any CPU = Debug|Any CPU
		Release|Any CPU = Release|Any CPU
	EndGlobalSection
	GlobalSection(SolutionProperties) = preSolution
		HideSolutionNode = FALSE
	EndGlobalSection
	GlobalSection(ProjectConfigurationPlatforms) = postSolution
		{101132B1-8B4D-4FF3-BA04-D49D90504494}.Debug|Any CPU.ActiveCfg = Debug|Any CPU
		{101132B1-8B4D-4FF3-BA04-D49D90504494}.Debug|Any CPU.Build.0 = Debug|Any CPU
		{101132B1-8B4D-4FF3-BA04-D49D90504494}.Release|Any CPU.ActiveCfg = Release|Any CPU
		{101132B1-8B4D-4FF3-BA04-D49D90504494}.Release|Any CPU.Build.0 = Release|Any CPU
		{12E70A0C-06CE-4A2C-9621-DDCA9D36374C}.Debug|Any CPU.ActiveCfg = Debug|Any CPU
		{12E70A0C-06CE-4A2C-9621-DDCA9D36374C}.Debug|Any CPU.Build.0 = Debug|Any CPU
		{12E70A0C-06CE-4A2C-9621-DDCA9D36374C}.Release|Any CPU.ActiveCfg = Debug|Any CPU
		{12E70A0C-06CE-4A2C-9621-DDCA9D36374C}.Release|Any CPU.Build.0 = Debug|Any CPU
		{51F51F21-5FDE-4DF2-82AA-7705AFECE5AE}.Debug|Any CPU.ActiveCfg = Debug|Any CPU
		{51F51F21-5FDE-4DF2-82AA-7705AFECE5AE}.Debug|Any CPU.Build.0 = Debug|Any CPU
		{51F51F21-5FDE-4DF2-82AA-7705AFECE5AE}.Release|Any CPU.ActiveCfg = Debug|Any CPU
		{51F51F21-5FDE-4DF2-82AA-7705AFECE5AE}.Release|Any CPU.Build.0 = Debug|Any CPU
	EndGlobalSection
EndGlobal
